
Microsoft Visual Studio Solution File, Format Version 12.00
# Visual Studio Version 17
VisualStudioVersion = 17.4.33205.214
MinimumVisualStudioVersion = 10.0.40219.1
Project("{FAE04EC0-301F-11D3-BF4B-00C04F79EFBC}") = "BBDownGUI", "BBDownGUI\BBDownGUI.csproj", "{D715D3F8-51B0-4B25-B2DA-E277DF0F3DF0}"
EndProject
Global
	GlobalSection(SolutionConfigurationPlatforms) = preSolution
		Debug|Any CPU = Debug|Any CPU
		Release|Any CPU = Release|Any CPU
	EndGlobalSection
	GlobalSection(ProjectConfigurationPlatforms) = postSolution
		{D715D3F8-51B0-4B25-B2DA-E277DF0F3DF0}.Debug|Any CPU.ActiveCfg = Debug|Any CPU
		{D715D3F8-51B0-4B25-B2DA-E277DF0F3DF0}.Debug|Any CPU.Build.0 = Debug|Any CPU
		{D715D3F8-51B0-4B25-B2DA-E277DF0F3DF0}.Release|Any CPU.ActiveCfg = Release|Any CPU
		{D715D3F8-51B0-4B25-B2DA-E277DF0F3DF0}.Release|Any CPU.Build.0 = Release|Any CPU
	EndGlobalSection
	GlobalSection(SolutionProperties) = preSolution
		HideSolutionNode = FALSE
	EndGlobalSection
	GlobalSection(ExtensibilityGlobals) = postSolution
		SolutionGuid = {8F00C172-0333-4DDA-AEB2-373A32B4CE0C}
	EndGlobalSection
EndGlobal
